// !$*UTF8*$!
{
	archiveVersion = 1;
	classes = {
	};
	objectVersion = 50;
	objects = {

/* Begin PBXBuildFile section */
		8B5D49902189CBFA008E458C /* AppDelegate.swift in Sources */ = {isa = PBXBuildFile; fileRef = 8B5D498F2189CBFA008E458C /* AppDelegate.swift */; };
		8B5D49922189CBFA008E458C /* GenericTableViewController.swift in Sources */ = {isa = PBXBuildFile; fileRef = 8B5D49912189CBFA008E458C /* GenericTableViewController.swift */; };
		8B5D49972189CBFC008E458C /* Assets.xcassets in Resources */ = {isa = PBXBuildFile; fileRef = 8B5D49962189CBFC008E458C /* Assets.xcassets */; };
		8B5D49A2218A9B5D008E458C /* Model.swift in Sources */ = {isa = PBXBuildFile; fileRef = 8B5D49A1218A9B5D008E458C /* Model.swift */; };
		8B5D49A4218A9B7B008E458C /* Cell.swift in Sources */ = {isa = PBXBuildFile; fileRef = 8B5D49A3218A9B7B008E458C /* Cell.swift */; };
		8B5D49A6218A9D57008E458C /* LauncScreen.storyboard in Resources */ = {isa = PBXBuildFile; fileRef = 8B5D49A5218A9D57008E458C /* LauncScreen.storyboard */; };
/* End PBXBuildFile section */

/* Begin PBXFileReference section */
		8B5D498C2189CBFA008E458C /* GenericTableView.app */ = {isa = PBXFileReference; explicitFileType = wrapper.application; includeInIndex = 0; path = GenericTableView.app; sourceTree = BUILT_PRODUCTS_DIR; };
		8B5D498F2189CBFA008E458C /* AppDelegate.swift */ = {isa = PBXFileReference; lastKnownFileType = sourcecode.swift; path = AppDelegate.swift; sourceTree = "<group>"; };
		8B5D49912189CBFA008E458C /* GenericTableViewController.swift */ = {isa = PBXFileReference; lastKnownFileType = sourcecode.swift; path = GenericTableViewController.swift; sourceTree = "<group>"; };
		8B5D49962189CBFC008E458C /* Assets.xcassets */ = {isa = PBXFileReference; lastKnownFileType = folder.assetcatalog; path = Assets.xcassets; sourceTree = "<group>"; };
		8B5D499B2189CBFC008E458C /* Info.plist */ = {isa = PBXFileReference; lastKnownFileType = text.plist.xml; path = Info.plist; sourceTree = "<group>"; };
		8B5D49A1218A9B5D008E458C /* Model.swift */ = {isa = PBXFileReference; lastKnownFileType = sourcecode.swift; path = Model.swift; sourceTree = "<group>"; };
		8B5D49A3218A9B7B008E458C /* Cell.swift */ = {isa = PBXFileReference; lastKnownFileType = sourcecode.swift; path = Cell.swift; sourceTree = "<group>"; };
		8B5D49A5218A9D57008E458C /* LauncScreen.storyboard */ = {isa = PBXFileReference; lastKnownFileType = file.storyboard; path = LauncScreen.storyboard; sourceTree = "<group>"; };
/* End PBXFileReference section */

/* Begin PBXFrameworksBuildPhase section */
		8B5D49892189CBFA008E458C /* Frameworks */ = {
			isa = PBXFrameworksBuildPhase;
			buildActionMask = 2147483647;
			files = (
			);
			runOnlyForDeploymentPostprocessing = 0;
		};
/* End PBXFrameworksBuildPhase section */

/* Begin PBXGroup section */
		8B5D49832189CBFA008E458C = {
			isa = PBXGroup;
			children = (
				8B5D498E2189CBFA008E458C /* GenericTableView */,
				8B5D498D2189CBFA008E458C /* Products */,
			);
			sourceTree = "<group>";
		};
		8B5D498D2189CBFA008E458C /* Products */ = {
			isa = PBXGroup;
			children = (
				8B5D498C2189CBFA008E458C /* GenericTableView.app */,
			);
			name = Products;
			sourceTree = "<group>";
		};
		8B5D498E2189CBFA008E458C /* GenericTableView */ = {
			isa = PBXGroup;
			children = (
				8B5D498F2189CBFA008E458C /* AppDelegate.swift */,
				8B5D49912189CBFA008E458C /* GenericTableViewController.swift */,
				8B5D49A1218A9B5D008E458C /* Model.swift */,
				8B5D49A3218A9B7B008E458C /* Cell.swift */,
				8B5D49962189CBFC008E458C /* Assets.xcassets */,
				8B5D499B2189CBFC008E458C /* Info.plist */,
				8B5D49A5218A9D57008E458C /* LauncScreen.storyboard */,
			);
			path = GenericTableView;
			sourceTree = "<group>";
		};
/* End PBXGroup section */

/* Begin PBXNativeTarget section */
		8B5D498B2189CBFA008E458C /* GenericTableView */ = {
			isa = PBXNativeTarget;
			buildConfigurationList = 8B5D499E2189CBFC008E458C /* Build configuration list for PBXNativeTarget "GenericTableView" */;
			buildPhases = (
				8B5D49882189CBFA008E458C /* Sources */,
				8B5D49892189CBFA008E458C /* Frameworks */,
				8B5D498A2189CBFA008E458C /* Resources */,
			);
			buildRules = (
			);
			dependencies = (
			);
			name = GenericTableView;
			productName = GenericTableView;
			productReference = 8B5D498C2189CBFA008E458C /* GenericTableView.app */;
			productType = "com.apple.product-type.application";
		};
/* End PBXNativeTarget section */

/* Begin PBXProject section */
		8B5D49842189CBFA008E458C /* Project object */ = {
			isa = PBXProject;
			attributes = {
				LastSwiftUpdateCheck = 1000;
				LastUpgradeCheck = 1000;
				ORGANIZATIONNAME = alfianlosari;
				TargetAttributes = {
					8B5D498B2189CBFA008E458C = {
						CreatedOnToolsVersion = 10.0;
					};
				};
			};
			buildConfigurationList = 8B5D49872189CBFA008E458C /* Build configuration list for PBXProject "GenericTableView" */;
			compatibilityVersion = "Xcode 9.3";
			developmentRegion = en;
			hasScannedForEncodings = 0;
			knownRegions = (
				en,
				Base,
			);
			mainGroup = 8B5D49832189CBFA008E458C;
			productRefGroup = 8B5D498D2189CBFA008E458C /* Products */;
			projectDirPath = "";
			projectRoot = "";
			targets = (
				8B5D498B2189CBFA008E458C /* GenericTableView */,
			);
		};
/* End PBXProject section */

/* Begin PBXResourcesBuildPhase section */
		8B5D498A2189CBFA008E458C /* Resources */ = {
			isa = PBXResourcesBuildPhase;
			buildActionMask = 2147483647;
			files = (
				8B5D49A6218A9D57008E458C /* LauncScreen.storyboard in Resources */,
				8B5D49972189CBFC008E458C /* Assets.xcassets in Resources */,
			);
			runOnlyForDeploymentPostprocessing = 0;
		};
/* End PBXResourcesBuildPhase section */

/* Begin PBXSourcesBuildPhase section */
		8B5D49882189CBFA008E458C /* Sources */ = {
			isa = PBXSourcesBuildPhase;
			buildActionMask = 2147483647;
			files = (
				8B5D49A2218A9B5D008E458C /* Model.swift in Sources */,
				8B5D49A4218A9B7B008E458C /* Cell.swift in Sources */,
				8B5D49922189CBFA008E458C /* GenericTableViewController.swift in Sources */,
				8B5D49902189CBFA008E458C /* AppDelegate.swift in Sources */,
			);
			runOnlyForDeploymentPostprocessing = 0;
		};
/* End PBXSourcesBuildPhase section */

/* Begin XCBuildConfiguration section */
		8B5D499C2189CBFC008E458C /* Debug */ = {
			isa = XCBuildConfiguration;
			buildSettings = {
				ALWAYS_SEARCH_USER_PATHS = NO;
				CLANG_ANALYZER_NONNULL = YES;
				CLANG_ANALYZER_NUMBER_OBJECT_CONVERSION = YES_AGGRESSIVE;
				CLANG_CXX_LANGUAGE_STANDARD = "gnu++14";
				CLANG_CXX_LIBRARY = "libc++";
				CLANG_ENABLE_MODULES = YES;
				CLANG_ENABLE_OBJC_ARC = YES;
				CLANG_ENABLE_OBJC_WEAK = YES;
				CLANG_WARN_BLOCK_CAPTURE_AUTORELEASING = YES;
				CLANG_WARN_BOOL_CONVERSION = YES;
				CLANG_WARN_COMMA = YES;
				CLANG_WARN_CONSTANT_CONVERSION = YES;
				CLANG_WARN_DEPRECATED_OBJC_IMPLEMENTATIONS = YES;
				CLANG_WARN_DIRECT_OBJC_ISA_USAGE = YES_ERROR;
				CLANG_WARN_DOCUMENTATION_COMMENTS = YES;
				CLANG_WARN_EMPTY_BODY = YES;
				CLANG_WARN_ENUM_CONVERSION = YES;
				CLANG_WARN_INFINITE_RECURSION = YES;
				CLANG_WARN_INT_CONVERSION = YES;
				CLANG_WARN_NON_LITERAL_NULL_CONVERSION = YES;
				CLANG_WARN_OBJC_IMPLICIT_RETAIN_SELF = YES;
				CLANG_WARN_OBJC_LITERAL_CONVERSION = YES;
				CLANG_WARN_OBJC_ROOT_CLASS = YES_ERROR;
				CLANG_WARN_RANGE_LOOP_ANALYSIS = YES;
				CLANG_WARN_STRICT_PROTOTYPES = YES;
				CLANG_WARN_SUSPICIOUS_MOVE = YES;
				CLANG_WARN_UNGUARDED_AVAILABILITY = YES_AGGRESSIVE;
				CLANG_WARN_UNREACHABLE_CODE = YES;
				CLANG_WARN__DUPLICATE_METHOD_MATCH = YES;
				CODE_SIGN_IDENTITY = "iPhone Developer";
				COPY_PHASE_STRIP = NO;
				DEBUG_INFORMATION_FORMAT = dwarf;
				ENABLE_STRICT_OBJC_MSGSEND = YES;
				ENABLE_TESTABILITY = YES;
				GCC_C_LANGUAGE_STANDARD = gnu11;
				GCC_DYNAMIC_NO_PIC = NO;
				GCC_NO_COMMON_BLOCKS = YES;
				GCC_OPTIMIZATION_LEVEL = 0;
				GCC_PREPROCESSOR_DEFINITIONS = (
					"DEBUG=1",
					"$(inherited)",
				);
				GCC_WARN_64_TO_32_BIT_CONVERSION = YES;
				GCC_WARN_ABOUT_RETURN_TYPE = YES_ERROR;
				GCC_WARN_UNDECLARED_SELECTOR = YES;
				GCC_WARN_UNINITIALIZED_AUTOS = YES_AGGRESSIVE;
				GCC_WARN_UNUSED_FUNCTION = YES;
				GCC_WARN_UNUSED_VARIABLE = YES;
				IPHONEOS_DEPLOYMENT_TARGET = 12.0;
				MTL_ENABLE_DEBUG_INFO = INCLUDE_SOURCE;
				MTL_FAST_MATH = YES;
				ONLY_ACTIVE_ARCH = YES;
				SDKROOT = iphoneos;
				SWIFT_ACTIVE_COMPILATION_CONDITIONS = DEBUG;
				SWIFT_OPTIMIZATION_LEVEL = "-Onone";
			};
			name = Debug;
		};
		8B5D499D2189CBFC008E458C /* Release */ = {
			isa = XCBuildConfiguration;
			buildSettings = {
				ALWAYS_SEARCH_USER_PATHS = NO;
				CLANG_ANALYZER_NONNULL = YES;
				CLANG_ANALYZER_NUMBER_OBJECT_CONVERSION = YES_AGGRESSIVE;
				CLANG_CXX_LANGUAGE_STANDARD = "gnu++14";
				CLANG_CXX_LIBRARY = "libc++";
				CLANG_ENABLE_MODULES = YES;
				CLANG_ENABLE_OBJC_ARC = YES;
				CLANG_ENABLE_OBJC_WEAK = YES;
				CLANG_WARN_BLOCK_CAPTURE_AUTORELEASING = YES;
				CLANG_WARN_BOOL_CONVERSION = YES;
				CLANG_WARN_COMMA = YES;
				CLANG_WARN_CONSTANT_CONVERSION = YES;
				CLANG_WARN_DEPRECATED_OBJC_IMPLEMENTATIONS = YES;
				CLANG_WARN_DIRECT_OBJC_ISA_USAGE = YES_ERROR;
				CLANG_WARN_DOCUMENTATION_COMMENTS = YES;
				CLANG_WARN_EMPTY_BODY = YES;
				CLANG_WARN_ENUM_CONVERSION = YES;
				CLANG_WARN_INFINITE_RECURSION = YES;
				CLANG_WARN_INT_CONVERSION = YES;
				CLANG_WARN_NON_LITERAL_NULL_CONVERSION = YES;
				CLANG_WARN_OBJC_IMPLICIT_RETAIN_SELF = YES;
				CLANG_WARN_OBJC_LITERAL_CONVERSION = YES;
				CLANG_WARN_OBJC_ROOT_CLASS = YES_ERROR;
				CLANG_WARN_RANGE_LOOP_ANALYSIS = YES;
				CLANG_WARN_STRICT_PROTOTYPES = YES;
				CLANG_WARN_SUSPICIOUS_MOVE = YES;
				CLANG_WARN_UNGUARDED_AVAILABILITY = YES_AGGRESSIVE;
				CLANG_WARN_UNREACHABLE_CODE = YES;
				CLANG_WARN__DUPLICATE_METHOD_MATCH = YES;
				CODE_SIGN_IDENTITY = "iPhone Developer";
				COPY_PHASE_STRIP = NO;
				DEBUG_INFORMATION_FORMAT = "dwarf-with-dsym";
				ENABLE_NS_ASSERTIONS = NO;
				ENABLE_STRICT_OBJC_MSGSEND = YES;
				GCC_C_LANGUAGE_STANDARD = gnu11;
				GCC_NO_COMMON_BLOCKS = YES;
				GCC_WARN_64_TO_32_BIT_CONVERSION = YES;
				GCC_WARN_ABOUT_RETURN_TYPE = YES_ERROR;
				GCC_WARN_UNDECLARED_SELECTOR = YES;
				GCC_WARN_UNINITIALIZED_AUTOS = YES_AGGRESSIVE;
				GCC_WARN_UNUSED_FUNCTION = YES;
				GCC_WARN_UNUSED_VARIABLE = YES;
				IPHONEOS_DEPLOYMENT_TARGET = 12.0;
				MTL_ENABLE_DEBUG_INFO = NO;
				MTL_FAST_MATH = YES;
				SDKROOT = iphoneos;
				SWIFT_COMPILATION_MODE = wholemodule;
				SWIFT_OPTIMIZATION_LEVEL = "-O";
				VALIDATE_PRODUCT = YES;
			};
			name = Release;
		};
		8B5D499F2189CBFC008E458C /* Debug */ = {
			isa = XCBuildConfiguration;
			buildSettings = {
				ASSETCATALOG_COMPILER_APPICON_NAME = AppIcon;
				CODE_SIGN_STYLE = Automatic;
				DEVELOPMENT_TEAM = 5C2XD9H2JS;
				INFOPLIST_FILE = GenericTableView/Info.plist;
				LD_RUNPATH_SEARCH_PATHS = (
					"$(inherited)",
					"@executable_path/Frameworks",
				);
				PRODUCT_BUNDLE_IDENTIFIER = com.alfianlosari.GenericTableView;
				PRODUCT_NAME = "$(TARGET_NAME)";
				SWIFT_VERSION = 4.2;
				TARGETED_DEVICE_FAMILY = 1;
			};
			name = Debug;
		};
		8B5D49A02189CBFC008E458C /* Release */ = {
			isa = XCBuildConfiguration;
			buildSettings = {
				ASSETCATALOG_COMPILER_APPICON_NAME = AppIcon;
				CODE_SIGN_STYLE = Automatic;
				DEVELOPMENT_TEAM = 5C2XD9H2JS;
				INFOPLIST_FILE = GenericTableView/Info.plist;
				LD_RUNPATH_SEARCH_PATHS = (
					"$(inherited)",
					"@executable_path/Frameworks",
				);
				PRODUCT_BUNDLE_IDENTIFIER = com.alfianlosari.GenericTableView;
				PRODUCT_NAME = "$(TARGET_NAME)";
				SWIFT_VERSION = 4.2;
				TARGETED_DEVICE_FAMILY = 1;
			};
			name = Release;
		};
/* End XCBuildConfiguration section */

/* Begin XCConfigurationList section */
		8B5D49872189CBFA008E458C /* Build configuration list for PBXProject "GenericTableView" */ = {
			isa = XCConfigurationList;
			buildConfigurations = (
				8B5D499C2189CBFC008E458C /* Debug */,
				8B5D499D2189CBFC008E458C /* Release */,
			);
			defaultConfigurationIsVisible = 0;
			defaultConfigurationName = Release;
		};
		8B5D499E2189CBFC008E458C /* Build configuration list for PBXNativeTarget "GenericTableView" */ = {
			isa = XCConfigurationList;
			buildConfigurations = (
				8B5D499F2189CBFC008E458C /* Debug */,
				8B5D49A02189CBFC008E458C /* Release */,
			);
			defaultConfigurationIsVisible = 0;
			defaultConfigurationName = Release;
		};
/* End XCConfigurationList section */
	};
	rootObject = 8B5D49842189CBFA008E458C /* Project object */;
}
